
Microsoft Visual Studio Solution File, Format Version 12.00
# Visual Studio Version 16
VisualStudioVersion = 16.0.30503.244
MinimumVisualStudioVersion = 10.0.40219.1
Project("{FAE04EC0-301F-11D3-BF4B-00C04F79EFBC}") = "MyTest1", "MyTest1\MyTest1.csproj", "{3BC8821D-B2FD-41AC-A135-F5A7A258AC8B}"
EndProject
Global
	GlobalSection(SolutionConfigurationPlatforms) = preSolution
		Debug|Any CPU = Debug|Any CPU
		Release|Any CPU = Release|Any CPU
	EndGlobalSection
	GlobalSection(ProjectConfigurationPlatforms) = postSolution
		{3BC8821D-B2FD-41AC-A135-F5A7A258AC8B}.Debug|Any CPU.ActiveCfg = Debug|Any CPU
		{3BC8821D-B2FD-41AC-A135-F5A7A258AC8B}.Debug|Any CPU.Build.0 = Debug|Any CPU
		{3BC8821D-B2FD-41AC-A135-F5A7A258AC8B}.Release|Any CPU.ActiveCfg = Release|Any CPU
		{3BC8821D-B2FD-41AC-A135-F5A7A258AC8B}.Release|Any CPU.Build.0 = Release|Any CPU
	EndGlobalSection
	GlobalSection(SolutionProperties) = preSolution
		HideSolutionNode = FALSE
	EndGlobalSection
	GlobalSection(ExtensibilityGlobals) = postSolution
		SolutionGuid = {ED31DDCC-13BC-4080-A7B1-FDDBAE1AABFC}
	EndGlobalSection
EndGlobal
